
Microsoft Visual Studio Solution File, Format Version 12.00
# Visual Studio Version 16
VisualStudioVersion = 16.0.32228.343
MinimumVisualStudioVersion = 10.0.40219.1
Project("{FAE04EC0-301F-11D3-BF4B-00C04F79EFBC}") = "HomeworkEduHome", "HomeworkEduHome\HomeworkEduHome.csproj", "{74845CF9-BE15-4E76-B9D4-2175E08C4F67}"
EndProject
Global
	GlobalSection(SolutionConfigurationPlatforms) = preSolution
		Debug|Any CPU = Debug|Any CPU
		Release|Any CPU = Release|Any CPU
	EndGlobalSection
	GlobalSection(ProjectConfigurationPlatforms) = postSolution
		{74845CF9-BE15-4E76-B9D4-2175E08C4F67}.Debug|Any CPU.ActiveCfg = Debug|Any CPU
		{74845CF9-BE15-4E76-B9D4-2175E08C4F67}.Debug|Any CPU.Build.0 = Debug|Any CPU
		{74845CF9-BE15-4E76-B9D4-2175E08C4F67}.Release|Any CPU.ActiveCfg = Release|Any CPU
		{74845CF9-BE15-4E76-B9D4-2175E08C4F67}.Release|Any CPU.Build.0 = Release|Any CPU
	EndGlobalSection
	GlobalSection(SolutionProperties) = preSolution
		HideSolutionNode = FALSE
	EndGlobalSection
	GlobalSection(ExtensibilityGlobals) = postSolution
		SolutionGuid = {4DDBC6EA-C574-40FF-8772-74AB4EF1E786}
	EndGlobalSection
EndGlobal
